// !$*UTF8*$!
{
	archiveVersion = 1;
	classes = {
	};
	objectVersion = 56;
	objects = {

/* Begin PBXBuildFile section */
		1E1E5DD62A543F33006014DD /* CommentCard.swift in Sources */ = {isa = PBXBuildFile; fileRef = 1E1E5DD52A543F33006014DD /* CommentCard.swift */; };
		1E1E5DDA2A5459DC006014DD /* ViewControllerFornecedor.swift in Sources */ = {isa = PBXBuildFile; fileRef = 1E1E5DD92A5459DC006014DD /* ViewControllerFornecedor.swift */; };
		1E5BF8C82A55B67E004FA3B8 /* ComentariosTableViewController.swift in Sources */ = {isa = PBXBuildFile; fileRef = 1E5BF8C72A55B67E004FA3B8 /* ComentariosTableViewController.swift */; };
		1EDB483E2A559C3800E344E3 /* CommentCard.xib in Resources */ = {isa = PBXBuildFile; fileRef = 1EDB483D2A559C3800E344E3 /* CommentCard.xib */; };
		32A9C9852A55A0B800C6181F /* ListaFornecedoresViewController.swift in Sources */ = {isa = PBXBuildFile; fileRef = 32A9C9832A55A0B800C6181F /* ListaFornecedoresViewController.swift */; };
		32A9C9862A55A0B800C6181F /* ListaFornecedoresViewController.xib in Resources */ = {isa = PBXBuildFile; fileRef = 32A9C9842A55A0B800C6181F /* ListaFornecedoresViewController.xib */; };
		32A9C9892A55A16500C6181F /* CelulaFornecedoresTableViewCell.swift in Sources */ = {isa = PBXBuildFile; fileRef = 32A9C9872A55A16500C6181F /* CelulaFornecedoresTableViewCell.swift */; };
		32A9C98A2A55A16500C6181F /* CelulaFornecedoresTableViewCell.xib in Resources */ = {isa = PBXBuildFile; fileRef = 32A9C9882A55A16500C6181F /* CelulaFornecedoresTableViewCell.xib */; };
		C004ACC22A5DCCB700C714F9 /* SubTitleTableViewCell.swift in Sources */ = {isa = PBXBuildFile; fileRef = C004ACC02A5DCCB700C714F9 /* SubTitleTableViewCell.swift */; };
		C004ACC32A5DCCB700C714F9 /* SubTitleTableViewCell.xib in Resources */ = {isa = PBXBuildFile; fileRef = C004ACC12A5DCCB700C714F9 /* SubTitleTableViewCell.xib */; };
		C01775882A56DB2C00620F6F /* SecondTableViewCell.swift in Sources */ = {isa = PBXBuildFile; fileRef = C01775862A56DB2C00620F6F /* SecondTableViewCell.swift */; };
		C01775892A56DB2C00620F6F /* SecondTableViewCell.xib in Resources */ = {isa = PBXBuildFile; fileRef = C01775872A56DB2C00620F6F /* SecondTableViewCell.xib */; };
		C09168AF2A534290002F7794 /* Course.swift in Sources */ = {isa = PBXBuildFile; fileRef = C09168AE2A534290002F7794 /* Course.swift */; };
		C0FC0E3B2A54854E00BF7955 /* CardViewController.swift in Sources */ = {isa = PBXBuildFile; fileRef = C0FC0E392A54854E00BF7955 /* CardViewController.swift */; };
		C0FC0E3F2A54894900BF7955 /* FornecedorTableViewCell.swift in Sources */ = {isa = PBXBuildFile; fileRef = C0FC0E3D2A54894900BF7955 /* FornecedorTableViewCell.swift */; };
		C0FC0E402A54894900BF7955 /* FornecedorTableViewCell.xib in Resources */ = {isa = PBXBuildFile; fileRef = C0FC0E3E2A54894900BF7955 /* FornecedorTableViewCell.xib */; };
		C0FC0E472A54AC4D00BF7955 /* ItensCollectionViewCell.swift in Sources */ = {isa = PBXBuildFile; fileRef = C0FC0E452A54AC4D00BF7955 /* ItensCollectionViewCell.swift */; };
		C0FC0E482A54AC4D00BF7955 /* ItensCollectionViewCell.xib in Resources */ = {isa = PBXBuildFile; fileRef = C0FC0E462A54AC4D00BF7955 /* ItensCollectionViewCell.xib */; };
		C536C00F2A5C2ED5009A8093 /* BuscarCollectionViewCell.swift in Sources */ = {isa = PBXBuildFile; fileRef = C536C00E2A5C2ED5009A8093 /* BuscarCollectionViewCell.swift */; };
		C536C0112A5C317A009A8093 /* BuscarViewController.swift in Sources */ = {isa = PBXBuildFile; fileRef = C536C0102A5C317A009A8093 /* BuscarViewController.swift */; };
		C536C0152A5C433D009A8093 /* Categorias.swift in Sources */ = {isa = PBXBuildFile; fileRef = C536C0142A5C433D009A8093 /* Categorias.swift */; };
		C536C0172A5C53E4009A8093 /* SearchViewController.swift in Sources */ = {isa = PBXBuildFile; fileRef = C536C0162A5C53E4009A8093 /* SearchViewController.swift */; };
		C5B872032A4DA62B009B5BF3 /* AppDelegate.swift in Sources */ = {isa = PBXBuildFile; fileRef = C5B872022A4DA62B009B5BF3 /* AppDelegate.swift */; };
		C5B872052A4DA62B009B5BF3 /* SceneDelegate.swift in Sources */ = {isa = PBXBuildFile; fileRef = C5B872042A4DA62B009B5BF3 /* SceneDelegate.swift */; };
		C5B8720A2A4DA62B009B5BF3 /* Main.storyboard in Resources */ = {isa = PBXBuildFile; fileRef = C5B872082A4DA62B009B5BF3 /* Main.storyboard */; };
		C5B8720C2A4DA62C009B5BF3 /* Assets.xcassets in Resources */ = {isa = PBXBuildFile; fileRef = C5B8720B2A4DA62C009B5BF3 /* Assets.xcassets */; };
		C5B8720F2A4DA62C009B5BF3 /* LaunchScreen.storyboard in Resources */ = {isa = PBXBuildFile; fileRef = C5B8720D2A4DA62C009B5BF3 /* LaunchScreen.storyboard */; };
		FB0AD7742A52F60D000B47BE /* ViewControllerConta.swift in Sources */ = {isa = PBXBuildFile; fileRef = FB0AD7732A52F60D000B47BE /* ViewControllerConta.swift */; };
		FB540A362A5C403C00A04568 /* BelugaData.xcdatamodeld in Sources */ = {isa = PBXBuildFile; fileRef = FB540A342A5C403C00A04568 /* BelugaData.xcdatamodeld */; };
		FB5E51752A55A84D004BA315 /* navController.swift in Sources */ = {isa = PBXBuildFile; fileRef = FB5E51742A55A84D004BA315 /* navController.swift */; };
		FB8C22B52A58429000BCFB30 /* CardViewController.xib in Resources */ = {isa = PBXBuildFile; fileRef = FB8C22B42A58429000BCFB30 /* CardViewController.xib */; };
		FB99535A2A5440D50034C4D0 /* ContaCell.swift in Sources */ = {isa = PBXBuildFile; fileRef = FB9953592A5440D50034C4D0 /* ContaCell.swift */; };
		FB99535C2A545DE60034C4D0 /* ContaCellLog.swift in Sources */ = {isa = PBXBuildFile; fileRef = FB99535B2A545DE60034C4D0 /* ContaCellLog.swift */; };
		FB99535E2A545DF80034C4D0 /* ContaCellAccount.swift in Sources */ = {isa = PBXBuildFile; fileRef = FB99535D2A545DF80034C4D0 /* ContaCellAccount.swift */; };
/* End PBXBuildFile section */

/* Begin PBXFileReference section */
		1E1E5DD52A543F33006014DD /* CommentCard.swift */ = {isa = PBXFileReference; lastKnownFileType = sourcecode.swift; path = CommentCard.swift; sourceTree = "<group>"; };
		1E1E5DD92A5459DC006014DD /* ViewControllerFornecedor.swift */ = {isa = PBXFileReference; lastKnownFileType = sourcecode.swift; path = ViewControllerFornecedor.swift; sourceTree = "<group>"; };
		1E5BF8C72A55B67E004FA3B8 /* ComentariosTableViewController.swift */ = {isa = PBXFileReference; lastKnownFileType = sourcecode.swift; path = ComentariosTableViewController.swift; sourceTree = "<group>"; };
		1EDB483D2A559C3800E344E3 /* CommentCard.xib */ = {isa = PBXFileReference; lastKnownFileType = file.xib; path = CommentCard.xib; sourceTree = "<group>"; };
		32A9C9832A55A0B800C6181F /* ListaFornecedoresViewController.swift */ = {isa = PBXFileReference; lastKnownFileType = sourcecode.swift; path = ListaFornecedoresViewController.swift; sourceTree = "<group>"; };
		32A9C9842A55A0B800C6181F /* ListaFornecedoresViewController.xib */ = {isa = PBXFileReference; lastKnownFileType = file.xib; path = ListaFornecedoresViewController.xib; sourceTree = "<group>"; };
		32A9C9872A55A16500C6181F /* CelulaFornecedoresTableViewCell.swift */ = {isa = PBXFileReference; lastKnownFileType = sourcecode.swift; path = CelulaFornecedoresTableViewCell.swift; sourceTree = "<group>"; };
		32A9C9882A55A16500C6181F /* CelulaFornecedoresTableViewCell.xib */ = {isa = PBXFileReference; lastKnownFileType = file.xib; path = CelulaFornecedoresTableViewCell.xib; sourceTree = "<group>"; };
		C004ACC02A5DCCB700C714F9 /* SubTitleTableViewCell.swift */ = {isa = PBXFileReference; lastKnownFileType = sourcecode.swift; path = SubTitleTableViewCell.swift; sourceTree = "<group>"; };
		C004ACC12A5DCCB700C714F9 /* SubTitleTableViewCell.xib */ = {isa = PBXFileReference; lastKnownFileType = file.xib; path = SubTitleTableViewCell.xib; sourceTree = "<group>"; };
		C01775862A56DB2C00620F6F /* SecondTableViewCell.swift */ = {isa = PBXFileReference; lastKnownFileType = sourcecode.swift; path = SecondTableViewCell.swift; sourceTree = "<group>"; };
		C01775872A56DB2C00620F6F /* SecondTableViewCell.xib */ = {isa = PBXFileReference; lastKnownFileType = file.xib; path = SecondTableViewCell.xib; sourceTree = "<group>"; };
		C09168AE2A534290002F7794 /* Course.swift */ = {isa = PBXFileReference; lastKnownFileType = sourcecode.swift; path = Course.swift; sourceTree = "<group>"; };
		C0FC0E392A54854E00BF7955 /* CardViewController.swift */ = {isa = PBXFileReference; lastKnownFileType = sourcecode.swift; path = CardViewController.swift; sourceTree = "<group>"; };
		C0FC0E3D2A54894900BF7955 /* FornecedorTableViewCell.swift */ = {isa = PBXFileReference; lastKnownFileType = sourcecode.swift; path = FornecedorTableViewCell.swift; sourceTree = "<group>"; };
		C0FC0E3E2A54894900BF7955 /* FornecedorTableViewCell.xib */ = {isa = PBXFileReference; lastKnownFileType = file.xib; path = FornecedorTableViewCell.xib; sourceTree = "<group>"; };
		C0FC0E452A54AC4D00BF7955 /* ItensCollectionViewCell.swift */ = {isa = PBXFileReference; lastKnownFileType = sourcecode.swift; path = ItensCollectionViewCell.swift; sourceTree = "<group>"; };
		C0FC0E462A54AC4D00BF7955 /* ItensCollectionViewCell.xib */ = {isa = PBXFileReference; lastKnownFileType = file.xib; path = ItensCollectionViewCell.xib; sourceTree = "<group>"; };
		C536C00E2A5C2ED5009A8093 /* BuscarCollectionViewCell.swift */ = {isa = PBXFileReference; lastKnownFileType = sourcecode.swift; path = BuscarCollectionViewCell.swift; sourceTree = "<group>"; };
		C536C0102A5C317A009A8093 /* BuscarViewController.swift */ = {isa = PBXFileReference; lastKnownFileType = sourcecode.swift; path = BuscarViewController.swift; sourceTree = "<group>"; };
		C536C0142A5C433D009A8093 /* Categorias.swift */ = {isa = PBXFileReference; lastKnownFileType = sourcecode.swift; path = Categorias.swift; sourceTree = "<group>"; };
		C536C0162A5C53E4009A8093 /* SearchViewController.swift */ = {isa = PBXFileReference; lastKnownFileType = sourcecode.swift; path = SearchViewController.swift; sourceTree = "<group>"; };
		C5B871FF2A4DA62B009B5BF3 /* ForneceMais.app */ = {isa = PBXFileReference; explicitFileType = wrapper.application; includeInIndex = 0; path = ForneceMais.app; sourceTree = BUILT_PRODUCTS_DIR; };
		C5B872022A4DA62B009B5BF3 /* AppDelegate.swift */ = {isa = PBXFileReference; lastKnownFileType = sourcecode.swift; path = AppDelegate.swift; sourceTree = "<group>"; };
		C5B872042A4DA62B009B5BF3 /* SceneDelegate.swift */ = {isa = PBXFileReference; lastKnownFileType = sourcecode.swift; path = SceneDelegate.swift; sourceTree = "<group>"; };
		C5B872092A4DA62B009B5BF3 /* Base */ = {isa = PBXFileReference; lastKnownFileType = file.storyboard; name = Base; path = Base.lproj/Main.storyboard; sourceTree = "<group>"; };
		C5B8720B2A4DA62C009B5BF3 /* Assets.xcassets */ = {isa = PBXFileReference; lastKnownFileType = folder.assetcatalog; path = Assets.xcassets; sourceTree = "<group>"; };
		C5B8720E2A4DA62C009B5BF3 /* Base */ = {isa = PBXFileReference; lastKnownFileType = file.storyboard; name = Base; path = Base.lproj/LaunchScreen.storyboard; sourceTree = "<group>"; };
		C5B872102A4DA62C009B5BF3 /* Info.plist */ = {isa = PBXFileReference; lastKnownFileType = text.plist.xml; path = Info.plist; sourceTree = "<group>"; };
		FB0AD7732A52F60D000B47BE /* ViewControllerConta.swift */ = {isa = PBXFileReference; lastKnownFileType = sourcecode.swift; path = ViewControllerConta.swift; sourceTree = "<group>"; };
		FB540A352A5C403C00A04568 /* BelugaData.xcdatamodel */ = {isa = PBXFileReference; lastKnownFileType = wrapper.xcdatamodel; path = BelugaData.xcdatamodel; sourceTree = "<group>"; };
		FB5E51742A55A84D004BA315 /* navController.swift */ = {isa = PBXFileReference; lastKnownFileType = sourcecode.swift; path = navController.swift; sourceTree = "<group>"; };
		FB8C22B42A58429000BCFB30 /* CardViewController.xib */ = {isa = PBXFileReference; fileEncoding = 4; lastKnownFileType = file.xib; path = CardViewController.xib; sourceTree = "<group>"; };
		FB9953592A5440D50034C4D0 /* ContaCell.swift */ = {isa = PBXFileReference; lastKnownFileType = sourcecode.swift; path = ContaCell.swift; sourceTree = "<group>"; };
		FB99535B2A545DE60034C4D0 /* ContaCellLog.swift */ = {isa = PBXFileReference; lastKnownFileType = sourcecode.swift; path = ContaCellLog.swift; sourceTree = "<group>"; };
		FB99535D2A545DF80034C4D0 /* ContaCellAccount.swift */ = {isa = PBXFileReference; lastKnownFileType = sourcecode.swift; path = ContaCellAccount.swift; sourceTree = "<group>"; };
/* End PBXFileReference section */

/* Begin PBXFrameworksBuildPhase section */
		C5B871FC2A4DA62B009B5BF3 /* Frameworks */ = {
			isa = PBXFrameworksBuildPhase;
			buildActionMask = 2147483647;
			files = (
			);
			runOnlyForDeploymentPostprocessing = 0;
		};
/* End PBXFrameworksBuildPhase section */

/* Begin PBXGroup section */
		1E1E5DD32A543D89006014DD /* Components */ = {
			isa = PBXGroup;
			children = (
				1E1E5DD42A543ED9006014DD /* CommentCard */,
			);
			path = Components;
			sourceTree = "<group>";
		};
		1E1E5DD42A543ED9006014DD /* CommentCard */ = {
			isa = PBXGroup;
			children = (
				1E1E5DD52A543F33006014DD /* CommentCard.swift */,
				1EDB483D2A559C3800E344E3 /* CommentCard.xib */,
			);
			path = CommentCard;
			sourceTree = "<group>";
		};
		C5B871F62A4DA62B009B5BF3 = {
			isa = PBXGroup;
			children = (
				C5B872012A4DA62B009B5BF3 /* beluga */,
				C5B872002A4DA62B009B5BF3 /* Products */,
			);
			sourceTree = "<group>";
		};
		C5B872002A4DA62B009B5BF3 /* Products */ = {
			isa = PBXGroup;
			children = (
				C5B871FF2A4DA62B009B5BF3 /* ForneceMais.app */,
			);
			name = Products;
			sourceTree = "<group>";
		};
		C5B872012A4DA62B009B5BF3 /* beluga */ = {
			isa = PBXGroup;
			children = (
				FB5E51742A55A84D004BA315 /* navController.swift */,
				C5B872022A4DA62B009B5BF3 /* AppDelegate.swift */,
				C5B872042A4DA62B009B5BF3 /* SceneDelegate.swift */,
				FB8003362A5D707A00E6D991 /* Buscar */,
				1E1E5DD32A543D89006014DD /* Components */,
				FBF34BAC2A56DC05003898AB /* Conta */,
				FB540A372A5C408700A04568 /* Explorar */,
				FB540A382A5C40B800A04568 /* Lista de fornecedores */,
				1E1E5DD92A5459DC006014DD /* ViewControllerFornecedor.swift */,
				1E5BF8C72A55B67E004FA3B8 /* ComentariosTableViewController.swift */,
				C09168AE2A534290002F7794 /* Course.swift */,
				C5B872082A4DA62B009B5BF3 /* Main.storyboard */,
				C5B8720D2A4DA62C009B5BF3 /* LaunchScreen.storyboard */,
				C5B8720B2A4DA62C009B5BF3 /* Assets.xcassets */,
				C5B872102A4DA62C009B5BF3 /* Info.plist */,
				FB540A342A5C403C00A04568 /* BelugaData.xcdatamodeld */,
			);
			path = beluga;
			sourceTree = "<group>";
		};
		FB540A372A5C408700A04568 /* Explorar */ = {
			isa = PBXGroup;
			children = (
				C0FC0E392A54854E00BF7955 /* CardViewController.swift */,
				FB8C22B42A58429000BCFB30 /* CardViewController.xib */,
				C0FC0E3D2A54894900BF7955 /* FornecedorTableViewCell.swift */,
				C0FC0E3E2A54894900BF7955 /* FornecedorTableViewCell.xib */,
				C0FC0E452A54AC4D00BF7955 /* ItensCollectionViewCell.swift */,
				C0FC0E462A54AC4D00BF7955 /* ItensCollectionViewCell.xib */,
				C01775862A56DB2C00620F6F /* SecondTableViewCell.swift */,
				C01775872A56DB2C00620F6F /* SecondTableViewCell.xib */,
				C004ACC02A5DCCB700C714F9 /* SubTitleTableViewCell.swift */,
				C004ACC12A5DCCB700C714F9 /* SubTitleTableViewCell.xib */,
			);
			path = Explorar;
			sourceTree = "<group>";
		};
		FB540A382A5C40B800A04568 /* Lista de fornecedores */ = {
			isa = PBXGroup;
			children = (
				32A9C9832A55A0B800C6181F /* ListaFornecedoresViewController.swift */,
				32A9C9842A55A0B800C6181F /* ListaFornecedoresViewController.xib */,
				32A9C9882A55A16500C6181F /* CelulaFornecedoresTableViewCell.xib */,
				32A9C9872A55A16500C6181F /* CelulaFornecedoresTableViewCell.swift */,
			);
			path = "Lista de fornecedores";
			sourceTree = "<group>";
		};
		FB8003362A5D707A00E6D991 /* Buscar */ = {
			isa = PBXGroup;
			children = (
				C536C00E2A5C2ED5009A8093 /* BuscarCollectionViewCell.swift */,
				C536C0102A5C317A009A8093 /* BuscarViewController.swift */,
				C536C0142A5C433D009A8093 /* Categorias.swift */,
				C536C0162A5C53E4009A8093 /* SearchViewController.swift */,
			);
			path = Buscar;
			sourceTree = "<group>";
		};
		FBF34BAC2A56DC05003898AB /* Conta */ = {
			isa = PBXGroup;
			children = (
				FB0AD7732A52F60D000B47BE /* ViewControllerConta.swift */,
				FB99535D2A545DF80034C4D0 /* ContaCellAccount.swift */,
				FB9953592A5440D50034C4D0 /* ContaCell.swift */,
				FB99535B2A545DE60034C4D0 /* ContaCellLog.swift */,
			);
			path = Conta;
			sourceTree = "<group>";
		};
/* End PBXGroup section */

/* Begin PBXNativeTarget section */
		C5B871FE2A4DA62B009B5BF3 /* ForneceMais */ = {
			isa = PBXNativeTarget;
			buildConfigurationList = C5B872132A4DA62C009B5BF3 /* Build configuration list for PBXNativeTarget "ForneceMais" */;
			buildPhases = (
				C5B871FB2A4DA62B009B5BF3 /* Sources */,
				C5B871FC2A4DA62B009B5BF3 /* Frameworks */,
				C5B871FD2A4DA62B009B5BF3 /* Resources */,
			);
			buildRules = (
			);
			dependencies = (
			);
			name = ForneceMais;
			productName = beluga;
			productReference = C5B871FF2A4DA62B009B5BF3 /* ForneceMais.app */;
			productType = "com.apple.product-type.application";
		};
/* End PBXNativeTarget section */

/* Begin PBXProject section */
		C5B871F72A4DA62B009B5BF3 /* Project object */ = {
			isa = PBXProject;
			attributes = {
				BuildIndependentTargetsInParallel = 1;
				LastSwiftUpdateCheck = 1430;
				LastUpgradeCheck = 1430;
				TargetAttributes = {
					C5B871FE2A4DA62B009B5BF3 = {
						CreatedOnToolsVersion = 14.3;
					};
				};
			};
			buildConfigurationList = C5B871FA2A4DA62B009B5BF3 /* Build configuration list for PBXProject "ForneceMais" */;
			compatibilityVersion = "Xcode 14.0";
			developmentRegion = en;
			hasScannedForEncodings = 0;
			knownRegions = (
				en,
				Base,
			);
			mainGroup = C5B871F62A4DA62B009B5BF3;
			productRefGroup = C5B872002A4DA62B009B5BF3 /* Products */;
			projectDirPath = "";
			projectRoot = "";
			targets = (
				C5B871FE2A4DA62B009B5BF3 /* ForneceMais */,
			);
		};
/* End PBXProject section */

/* Begin PBXResourcesBuildPhase section */
		C5B871FD2A4DA62B009B5BF3 /* Resources */ = {
			isa = PBXResourcesBuildPhase;
			buildActionMask = 2147483647;
			files = (
				32A9C98A2A55A16500C6181F /* CelulaFornecedoresTableViewCell.xib in Resources */,
				C5B8720F2A4DA62C009B5BF3 /* LaunchScreen.storyboard in Resources */,
				1EDB483E2A559C3800E344E3 /* CommentCard.xib in Resources */,
				C0FC0E482A54AC4D00BF7955 /* ItensCollectionViewCell.xib in Resources */,
				C5B8720C2A4DA62C009B5BF3 /* Assets.xcassets in Resources */,
				C01775892A56DB2C00620F6F /* SecondTableViewCell.xib in Resources */,
				C0FC0E402A54894900BF7955 /* FornecedorTableViewCell.xib in Resources */,
				C5B8720A2A4DA62B009B5BF3 /* Main.storyboard in Resources */,
				FB8C22B52A58429000BCFB30 /* CardViewController.xib in Resources */,
				32A9C9862A55A0B800C6181F /* ListaFornecedoresViewController.xib in Resources */,
				C004ACC32A5DCCB700C714F9 /* SubTitleTableViewCell.xib in Resources */,
			);
			runOnlyForDeploymentPostprocessing = 0;
		};
/* End PBXResourcesBuildPhase section */

/* Begin PBXSourcesBuildPhase section */
		C5B871FB2A4DA62B009B5BF3 /* Sources */ = {
			isa = PBXSourcesBuildPhase;
			buildActionMask = 2147483647;
			files = (
				FB0AD7742A52F60D000B47BE /* ViewControllerConta.swift in Sources */,
				1E1E5DD62A543F33006014DD /* CommentCard.swift in Sources */,
				FB540A362A5C403C00A04568 /* BelugaData.xcdatamodeld in Sources */,
				C0FC0E3F2A54894900BF7955 /* FornecedorTableViewCell.swift in Sources */,
				C0FC0E472A54AC4D00BF7955 /* ItensCollectionViewCell.swift in Sources */,
				C0FC0E3B2A54854E00BF7955 /* CardViewController.swift in Sources */,
				C01775882A56DB2C00620F6F /* SecondTableViewCell.swift in Sources */,
				C536C00F2A5C2ED5009A8093 /* BuscarCollectionViewCell.swift in Sources */,
				C09168AF2A534290002F7794 /* Course.swift in Sources */,
				C004ACC22A5DCCB700C714F9 /* SubTitleTableViewCell.swift in Sources */,
				C536C0112A5C317A009A8093 /* BuscarViewController.swift in Sources */,
				32A9C9852A55A0B800C6181F /* ListaFornecedoresViewController.swift in Sources */,
				C5B872032A4DA62B009B5BF3 /* AppDelegate.swift in Sources */,
				C536C0172A5C53E4009A8093 /* SearchViewController.swift in Sources */,
				32A9C9892A55A16500C6181F /* CelulaFornecedoresTableViewCell.swift in Sources */,
				C536C0152A5C433D009A8093 /* Categorias.swift in Sources */,
				C5B872052A4DA62B009B5BF3 /* SceneDelegate.swift in Sources */,
				FB99535E2A545DF80034C4D0 /* ContaCellAccount.swift in Sources */,
				FB99535C2A545DE60034C4D0 /* ContaCellLog.swift in Sources */,
				FB99535A2A5440D50034C4D0 /* ContaCell.swift in Sources */,
				FB5E51752A55A84D004BA315 /* navController.swift in Sources */,
				1E5BF8C82A55B67E004FA3B8 /* ComentariosTableViewController.swift in Sources */,
				1E1E5DDA2A5459DC006014DD /* ViewControllerFornecedor.swift in Sources */,
			);
			runOnlyForDeploymentPostprocessing = 0;
		};
/* End PBXSourcesBuildPhase section */

/* Begin PBXVariantGroup section */
		C5B872082A4DA62B009B5BF3 /* Main.storyboard */ = {
			isa = PBXVariantGroup;
			children = (
				C5B872092A4DA62B009B5BF3 /* Base */,
			);
			name = Main.storyboard;
			sourceTree = "<group>";
		};
		C5B8720D2A4DA62C009B5BF3 /* LaunchScreen.storyboard */ = {
			isa = PBXVariantGroup;
			children = (
				C5B8720E2A4DA62C009B5BF3 /* Base */,
			);
			name = LaunchScreen.storyboard;
			sourceTree = "<group>";
		};
/* End PBXVariantGroup section */

/* Begin XCBuildConfiguration section */
		C5B872112A4DA62C009B5BF3 /* Debug */ = {
			isa = XCBuildConfiguration;
			buildSettings = {
				ALWAYS_SEARCH_USER_PATHS = NO;
				CLANG_ANALYZER_NONNULL = YES;
				CLANG_ANALYZER_NUMBER_OBJECT_CONVERSION = YES_AGGRESSIVE;
				CLANG_CXX_LANGUAGE_STANDARD = "gnu++20";
				CLANG_ENABLE_MODULES = YES;
				CLANG_ENABLE_OBJC_ARC = YES;
				CLANG_ENABLE_OBJC_WEAK = YES;
				CLANG_WARN_BLOCK_CAPTURE_AUTORELEASING = YES;
				CLANG_WARN_BOOL_CONVERSION = YES;
				CLANG_WARN_COMMA = YES;
				CLANG_WARN_CONSTANT_CONVERSION = YES;
				CLANG_WARN_DEPRECATED_OBJC_IMPLEMENTATIONS = YES;
				CLANG_WARN_DIRECT_OBJC_ISA_USAGE = YES_ERROR;
				CLANG_WARN_DOCUMENTATION_COMMENTS = YES;
				CLANG_WARN_EMPTY_BODY = YES;
				CLANG_WARN_ENUM_CONVERSION = YES;
				CLANG_WARN_INFINITE_RECURSION = YES;
				CLANG_WARN_INT_CONVERSION = YES;
				CLANG_WARN_NON_LITERAL_NULL_CONVERSION = YES;
				CLANG_WARN_OBJC_IMPLICIT_RETAIN_SELF = YES;
				CLANG_WARN_OBJC_LITERAL_CONVERSION = YES;
				CLANG_WARN_OBJC_ROOT_CLASS = YES_ERROR;
				CLANG_WARN_QUOTED_INCLUDE_IN_FRAMEWORK_HEADER = YES;
				CLANG_WARN_RANGE_LOOP_ANALYSIS = YES;
				CLANG_WARN_STRICT_PROTOTYPES = YES;
				CLANG_WARN_SUSPICIOUS_MOVE = YES;
				CLANG_WARN_UNGUARDED_AVAILABILITY = YES_AGGRESSIVE;
				CLANG_WARN_UNREACHABLE_CODE = YES;
				CLANG_WARN__DUPLICATE_METHOD_MATCH = YES;
				COPY_PHASE_STRIP = NO;
				DEBUG_INFORMATION_FORMAT = dwarf;
				ENABLE_STRICT_OBJC_MSGSEND = YES;
				ENABLE_TESTABILITY = YES;
				GCC_C_LANGUAGE_STANDARD = gnu11;
				GCC_DYNAMIC_NO_PIC = NO;
				GCC_NO_COMMON_BLOCKS = YES;
				GCC_OPTIMIZATION_LEVEL = 0;
				GCC_PREPROCESSOR_DEFINITIONS = (
					"DEBUG=1",
					"$(inherited)",
				);
				GCC_WARN_64_TO_32_BIT_CONVERSION = YES;
				GCC_WARN_ABOUT_RETURN_TYPE = YES_ERROR;
				GCC_WARN_UNDECLARED_SELECTOR = YES;
				GCC_WARN_UNINITIALIZED_AUTOS = YES_AGGRESSIVE;
				GCC_WARN_UNUSED_FUNCTION = YES;
				GCC_WARN_UNUSED_VARIABLE = YES;
				IPHONEOS_DEPLOYMENT_TARGET = 16.4;
				MTL_ENABLE_DEBUG_INFO = INCLUDE_SOURCE;
				MTL_FAST_MATH = YES;
				ONLY_ACTIVE_ARCH = YES;
				SDKROOT = iphoneos;
				SWIFT_ACTIVE_COMPILATION_CONDITIONS = DEBUG;
				SWIFT_OPTIMIZATION_LEVEL = "-Onone";
			};
			name = Debug;
		};
		C5B872122A4DA62C009B5BF3 /* Release */ = {
			isa = XCBuildConfiguration;
			buildSettings = {
				ALWAYS_SEARCH_USER_PATHS = NO;
				CLANG_ANALYZER_NONNULL = YES;
				CLANG_ANALYZER_NUMBER_OBJECT_CONVERSION = YES_AGGRESSIVE;
				CLANG_CXX_LANGUAGE_STANDARD = "gnu++20";
				CLANG_ENABLE_MODULES = YES;
				CLANG_ENABLE_OBJC_ARC = YES;
				CLANG_ENABLE_OBJC_WEAK = YES;
				CLANG_WARN_BLOCK_CAPTURE_AUTORELEASING = YES;
				CLANG_WARN_BOOL_CONVERSION = YES;
				CLANG_WARN_COMMA = YES;
				CLANG_WARN_CONSTANT_CONVERSION = YES;
				CLANG_WARN_DEPRECATED_OBJC_IMPLEMENTATIONS = YES;
				CLANG_WARN_DIRECT_OBJC_ISA_USAGE = YES_ERROR;
				CLANG_WARN_DOCUMENTATION_COMMENTS = YES;
				CLANG_WARN_EMPTY_BODY = YES;
				CLANG_WARN_ENUM_CONVERSION = YES;
				CLANG_WARN_INFINITE_RECURSION = YES;
				CLANG_WARN_INT_CONVERSION = YES;
				CLANG_WARN_NON_LITERAL_NULL_CONVERSION = YES;
				CLANG_WARN_OBJC_IMPLICIT_RETAIN_SELF = YES;
				CLANG_WARN_OBJC_LITERAL_CONVERSION = YES;
				CLANG_WARN_OBJC_ROOT_CLASS = YES_ERROR;
				CLANG_WARN_QUOTED_INCLUDE_IN_FRAMEWORK_HEADER = YES;
				CLANG_WARN_RANGE_LOOP_ANALYSIS = YES;
				CLANG_WARN_STRICT_PROTOTYPES = YES;
				CLANG_WARN_SUSPICIOUS_MOVE = YES;
				CLANG_WARN_UNGUARDED_AVAILABILITY = YES_AGGRESSIVE;
				CLANG_WARN_UNREACHABLE_CODE = YES;
				CLANG_WARN__DUPLICATE_METHOD_MATCH = YES;
				COPY_PHASE_STRIP = NO;
				DEBUG_INFORMATION_FORMAT = "dwarf-with-dsym";
				ENABLE_NS_ASSERTIONS = NO;
				ENABLE_STRICT_OBJC_MSGSEND = YES;
				GCC_C_LANGUAGE_STANDARD = gnu11;
				GCC_NO_COMMON_BLOCKS = YES;
				GCC_WARN_64_TO_32_BIT_CONVERSION = YES;
				GCC_WARN_ABOUT_RETURN_TYPE = YES_ERROR;
				GCC_WARN_UNDECLARED_SELECTOR = YES;
				GCC_WARN_UNINITIALIZED_AUTOS = YES_AGGRESSIVE;
				GCC_WARN_UNUSED_FUNCTION = YES;
				GCC_WARN_UNUSED_VARIABLE = YES;
				IPHONEOS_DEPLOYMENT_TARGET = 16.4;
				MTL_ENABLE_DEBUG_INFO = NO;
				MTL_FAST_MATH = YES;
				SDKROOT = iphoneos;
				SWIFT_COMPILATION_MODE = wholemodule;
				SWIFT_OPTIMIZATION_LEVEL = "-O";
				VALIDATE_PRODUCT = YES;
			};
			name = Release;
		};
		C5B872142A4DA62C009B5BF3 /* Debug */ = {
			isa = XCBuildConfiguration;
			buildSettings = {
				ASSETCATALOG_COMPILER_APPICON_NAME = AppIcon;
				ASSETCATALOG_COMPILER_GLOBAL_ACCENT_COLOR_NAME = AccentColor;
				CODE_SIGN_IDENTITY = "Apple Development";
				CODE_SIGN_STYLE = Automatic;
				CURRENT_PROJECT_VERSION = 1;
				DEVELOPMENT_TEAM = HS355ZK24R;
				GENERATE_INFOPLIST_FILE = YES;
				INFOPLIST_FILE = beluga/Info.plist;
				INFOPLIST_KEY_UIApplicationSupportsIndirectInputEvents = YES;
				INFOPLIST_KEY_UILaunchStoryboardName = LaunchScreen;
				INFOPLIST_KEY_UIMainStoryboardFile = Main;
				INFOPLIST_KEY_UISupportedInterfaceOrientations_iPad = "UIInterfaceOrientationPortrait UIInterfaceOrientationPortraitUpsideDown UIInterfaceOrientationLandscapeLeft UIInterfaceOrientationLandscapeRight";
				INFOPLIST_KEY_UISupportedInterfaceOrientations_iPhone = "UIInterfaceOrientationPortrait UIInterfaceOrientationLandscapeLeft UIInterfaceOrientationLandscapeRight";
				IPHONEOS_DEPLOYMENT_TARGET = 16.2;
				LD_RUNPATH_SEARCH_PATHS = (
					"$(inherited)",
					"@executable_path/Frameworks",
				);
				MARKETING_VERSION = 1.0;
				PRODUCT_BUNDLE_IDENTIFIER = com.antoniomarcos.ForneceMais;
				PRODUCT_NAME = "$(TARGET_NAME)";
				PROVISIONING_PROFILE_SPECIFIER = "";
				SWIFT_EMIT_LOC_STRINGS = YES;
				SWIFT_VERSION = 5.0;
				TARGETED_DEVICE_FAMILY = "1,2";
			};
			name = Debug;
		};
		C5B872152A4DA62C009B5BF3 /* Release */ = {
			isa = XCBuildConfiguration;
			buildSettings = {
				ASSETCATALOG_COMPILER_APPICON_NAME = AppIcon;
				ASSETCATALOG_COMPILER_GLOBAL_ACCENT_COLOR_NAME = AccentColor;
				CODE_SIGN_IDENTITY = "Apple Development";
				CODE_SIGN_STYLE = Automatic;
				CURRENT_PROJECT_VERSION = 1;
				DEVELOPMENT_TEAM = HS355ZK24R;
				GENERATE_INFOPLIST_FILE = YES;
				INFOPLIST_FILE = beluga/Info.plist;
				INFOPLIST_KEY_UIApplicationSupportsIndirectInputEvents = YES;
				INFOPLIST_KEY_UILaunchStoryboardName = LaunchScreen;
				INFOPLIST_KEY_UIMainStoryboardFile = Main;
				INFOPLIST_KEY_UISupportedInterfaceOrientations_iPad = "UIInterfaceOrientationPortrait UIInterfaceOrientationPortraitUpsideDown UIInterfaceOrientationLandscapeLeft UIInterfaceOrientationLandscapeRight";
				INFOPLIST_KEY_UISupportedInterfaceOrientations_iPhone = "UIInterfaceOrientationPortrait UIInterfaceOrientationLandscapeLeft UIInterfaceOrientationLandscapeRight";
				IPHONEOS_DEPLOYMENT_TARGET = 16.2;
				LD_RUNPATH_SEARCH_PATHS = (
					"$(inherited)",
					"@executable_path/Frameworks",
				);
				MARKETING_VERSION = 1.0;
				PRODUCT_BUNDLE_IDENTIFIER = com.antoniomarcos.ForneceMais;
				PRODUCT_NAME = "$(TARGET_NAME)";
				PROVISIONING_PROFILE_SPECIFIER = "";
				SWIFT_EMIT_LOC_STRINGS = YES;
				SWIFT_VERSION = 5.0;
				TARGETED_DEVICE_FAMILY = "1,2";
			};
			name = Release;
		};
/* End XCBuildConfiguration section */

/* Begin XCConfigurationList section */
		C5B871FA2A4DA62B009B5BF3 /* Build configuration list for PBXProject "ForneceMais" */ = {
			isa = XCConfigurationList;
			buildConfigurations = (
				C5B872112A4DA62C009B5BF3 /* Debug */,
				C5B872122A4DA62C009B5BF3 /* Release */,
			);
			defaultConfigurationIsVisible = 0;
			defaultConfigurationName = Release;
		};
		C5B872132A4DA62C009B5BF3 /* Build configuration list for PBXNativeTarget "ForneceMais" */ = {
			isa = XCConfigurationList;
			buildConfigurations = (
				C5B872142A4DA62C009B5BF3 /* Debug */,
				C5B872152A4DA62C009B5BF3 /* Release */,
			);
			defaultConfigurationIsVisible = 0;
			defaultConfigurationName = Release;
		};
/* End XCConfigurationList section */

/* Begin XCVersionGroup section */
		FB540A342A5C403C00A04568 /* BelugaData.xcdatamodeld */ = {
			isa = XCVersionGroup;
			children = (
				FB540A352A5C403C00A04568 /* BelugaData.xcdatamodel */,
			);
			currentVersion = FB540A352A5C403C00A04568 /* BelugaData.xcdatamodel */;
			path = BelugaData.xcdatamodeld;
			sourceTree = "<group>";
			versionGroupType = wrapper.xcdatamodel;
		};
/* End XCVersionGroup section */
	};
	rootObject = C5B871F72A4DA62B009B5BF3 /* Project object */;
}
